
Microsoft Visual Studio Solution File, Format Version 12.00
# Visual Studio Version 17
VisualStudioVersion = 17.4.33213.308
MinimumVisualStudioVersion = 10.0.40219.1
Project("{9A19103F-16F7-4668-BE54-9A1E7A4F7556}") = "SpaceGame", "SpaceGame.csproj", "{14BD705F-B0C1-4B19-BC71-6661D2FFBBF9}"
EndProject
Project("{9A19103F-16F7-4668-BE54-9A1E7A4F7556}") = "Tests", "..\Tests\Tests.csproj", "{B3CED107-09BC-4220-AA30-20F150071714}"
	ProjectSection(ProjectDependencies) = postProject
		{14BD705F-B0C1-4B19-BC71-6661D2FFBBF9} = {14BD705F-B0C1-4B19-BC71-6661D2FFBBF9}
	EndProjectSection
EndProject
Global
	GlobalSection(SolutionConfigurationPlatforms) = preSolution
		Debug|Any CPU = Debug|Any CPU
		Release|Any CPU = Release|Any CPU
	EndGlobalSection
	GlobalSection(ProjectConfigurationPlatforms) = postSolution
		{14BD705F-B0C1-4B19-BC71-6661D2FFBBF9}.Debug|Any CPU.ActiveCfg = Debug|Any CPU
		{14BD705F-B0C1-4B19-BC71-6661D2FFBBF9}.Debug|Any CPU.Build.0 = Debug|Any CPU
		{14BD705F-B0C1-4B19-BC71-6661D2FFBBF9}.Release|Any CPU.ActiveCfg = Release|Any CPU
		{14BD705F-B0C1-4B19-BC71-6661D2FFBBF9}.Release|Any CPU.Build.0 = Release|Any CPU
		{B3CED107-09BC-4220-AA30-20F150071714}.Debug|Any CPU.ActiveCfg = Debug|Any CPU
		{B3CED107-09BC-4220-AA30-20F150071714}.Debug|Any CPU.Build.0 = Debug|Any CPU
		{B3CED107-09BC-4220-AA30-20F150071714}.Release|Any CPU.ActiveCfg = Release|Any CPU
		{B3CED107-09BC-4220-AA30-20F150071714}.Release|Any CPU.Build.0 = Release|Any CPU
	EndGlobalSection
	GlobalSection(SolutionProperties) = preSolution
		HideSolutionNode = FALSE
	EndGlobalSection
	GlobalSection(ExtensibilityGlobals) = postSolution
		SolutionGuid = {3EE65049-D7C3-4E2D-B49D-1F1A12898F70}
	EndGlobalSection
EndGlobal
